// !$*UTF8*$!
{
	archiveVersion = 1;
	classes = {
	};
	objectVersion = 46;
	objects = {

/* Begin PBXBuildFile section */
		462C28111995582500F46FC2 /* MBMarkerView.m in Sources */ = {isa = PBXBuildFile; fileRef = 462C28101995582500F46FC2 /* MBMarkerView.m */; };
		468E0FF21958656A00BA2C56 /* Foundation.framework in Frameworks */ = {isa = PBXBuildFile; fileRef = 468E0FF11958656A00BA2C56 /* Foundation.framework */; };
		468E0FF41958656A00BA2C56 /* CoreGraphics.framework in Frameworks */ = {isa = PBXBuildFile; fileRef = 468E0FF31958656A00BA2C56 /* CoreGraphics.framework */; };
		468E0FF61958656A00BA2C56 /* UIKit.framework in Frameworks */ = {isa = PBXBuildFile; fileRef = 468E0FF51958656A00BA2C56 /* UIKit.framework */; };
		468E0FFC1958656A00BA2C56 /* InfoPlist.strings in Resources */ = {isa = PBXBuildFile; fileRef = 468E0FFA1958656A00BA2C56 /* InfoPlist.strings */; };
		468E0FFE1958656A00BA2C56 /* main.m in Sources */ = {isa = PBXBuildFile; fileRef = 468E0FFD1958656A00BA2C56 /* main.m */; };
		468E10021958656A00BA2C56 /* MBAppDelegate.m in Sources */ = {isa = PBXBuildFile; fileRef = 468E10011958656A00BA2C56 /* MBAppDelegate.m */; };
		468E10051958656A00BA2C56 /* Main.storyboard in Resources */ = {isa = PBXBuildFile; fileRef = 468E10031958656A00BA2C56 /* Main.storyboard */; };
		468E100B1958656A00BA2C56 /* MBViewController.m in Sources */ = {isa = PBXBuildFile; fileRef = 468E100A1958656A00BA2C56 /* MBViewController.m */; };
		468E100D1958656A00BA2C56 /* Images.xcassets in Resources */ = {isa = PBXBuildFile; fileRef = 468E100C1958656A00BA2C56 /* Images.xcassets */; };
		468E10141958656A00BA2C56 /* XCTest.framework in Frameworks */ = {isa = PBXBuildFile; fileRef = 468E10131958656A00BA2C56 /* XCTest.framework */; };
		468E10151958656A00BA2C56 /* Foundation.framework in Frameworks */ = {isa = PBXBuildFile; fileRef = 468E0FF11958656A00BA2C56 /* Foundation.framework */; };
		468E10161958656A00BA2C56 /* UIKit.framework in Frameworks */ = {isa = PBXBuildFile; fileRef = 468E0FF51958656A00BA2C56 /* UIKit.framework */; };
		468E101E1958656A00BA2C56 /* InfoPlist.strings in Resources */ = {isa = PBXBuildFile; fileRef = 468E101C1958656A00BA2C56 /* InfoPlist.strings */; };
		468E10201958656A00BA2C56 /* MBPlacePickerControllerTests.m in Sources */ = {isa = PBXBuildFile; fileRef = 468E101F1958656A00BA2C56 /* MBPlacePickerControllerTests.m */; };
		46D7058D1968EF4B008113A8 /* MBLocationManager.m in Sources */ = {isa = PBXBuildFile; fileRef = 46D705821968EF4B008113A8 /* MBLocationManager.m */; };
		46D7058E1968EF4B008113A8 /* MBPlacePickerController.m in Sources */ = {isa = PBXBuildFile; fileRef = 46D705851968EF4B008113A8 /* MBPlacePickerController.m */; };
		46D705901968EF4B008113A8 /* equi-map.png in Resources */ = {isa = PBXBuildFile; fileRef = 46D7058A1968EF4B008113A8 /* equi-map.png */; };
		46D705911968EF4B008113A8 /* equi-map@2x.png in Resources */ = {isa = PBXBuildFile; fileRef = 46D7058B1968EF4B008113A8 /* equi-map@2x.png */; };
		46D705921968EF4B008113A8 /* locations.json in Resources */ = {isa = PBXBuildFile; fileRef = 46D7058C1968EF4B008113A8 /* locations.json */; };
		46D705961968FBE5008113A8 /* iTunesArtwork.png in Resources */ = {isa = PBXBuildFile; fileRef = 46D705941968FBE4008113A8 /* iTunesArtwork.png */; };
		46D705971968FBE5008113A8 /* iTunesArtwork@2x.png in Resources */ = {isa = PBXBuildFile; fileRef = 46D705951968FBE5008113A8 /* iTunesArtwork@2x.png */; };
		46D705A51969030B008113A8 /* CRLCoreLib.m in Sources */ = {isa = PBXBuildFile; fileRef = 46D7059B1969030B008113A8 /* CRLCoreLib.m */; };
		46D705A61969030B008113A8 /* CRLDataManager.m in Sources */ = {isa = PBXBuildFile; fileRef = 46D7059E1969030B008113A8 /* CRLDataManager.m */; };
		46D705A71969030B008113A8 /* CRLFileManager.m in Sources */ = {isa = PBXBuildFile; fileRef = 46D705A11969030B008113A8 /* CRLFileManager.m */; };
		46D705A81969030B008113A8 /* CRLNetworkManager.m in Sources */ = {isa = PBXBuildFile; fileRef = 46D705A41969030B008113A8 /* CRLNetworkManager.m */; };
		46D705AC19690FC9008113A8 /* MBMapView.m in Sources */ = {isa = PBXBuildFile; fileRef = 46D705AB19690FC9008113A8 /* MBMapView.m */; };
/* End PBXBuildFile section */

/* Begin PBXContainerItemProxy section */
		468E10171958656A00BA2C56 /* PBXContainerItemProxy */ = {
			isa = PBXContainerItemProxy;
			containerPortal = 468E0FE61958656A00BA2C56 /* Project object */;
			proxyType = 1;
			remoteGlobalIDString = 468E0FED1958656A00BA2C56;
			remoteInfo = MBPlacePickerController;
		};
/* End PBXContainerItemProxy section */

/* Begin PBXFileReference section */
		462C280F1995582500F46FC2 /* MBMarkerView.h */ = {isa = PBXFileReference; fileEncoding = 4; lastKnownFileType = sourcecode.c.h; path = MBMarkerView.h; sourceTree = "<group>"; };
		462C28101995582500F46FC2 /* MBMarkerView.m */ = {isa = PBXFileReference; fileEncoding = 4; lastKnownFileType = sourcecode.c.objc; path = MBMarkerView.m; sourceTree = "<group>"; };
		468E0FEE1958656A00BA2C56 /* MBPlacePickerController.app */ = {isa = PBXFileReference; explicitFileType = wrapper.application; includeInIndex = 0; path = MBPlacePickerController.app; sourceTree = BUILT_PRODUCTS_DIR; };
		468E0FF11958656A00BA2C56 /* Foundation.framework */ = {isa = PBXFileReference; lastKnownFileType = wrapper.framework; name = Foundation.framework; path = System/Library/Frameworks/Foundation.framework; sourceTree = SDKROOT; };
		468E0FF31958656A00BA2C56 /* CoreGraphics.framework */ = {isa = PBXFileReference; lastKnownFileType = wrapper.framework; name = CoreGraphics.framework; path = System/Library/Frameworks/CoreGraphics.framework; sourceTree = SDKROOT; };
		468E0FF51958656A00BA2C56 /* UIKit.framework */ = {isa = PBXFileReference; lastKnownFileType = wrapper.framework; name = UIKit.framework; path = System/Library/Frameworks/UIKit.framework; sourceTree = SDKROOT; };
		468E0FF91958656A00BA2C56 /* MBPlacePickerController-Info.plist */ = {isa = PBXFileReference; lastKnownFileType = text.plist.xml; path = "MBPlacePickerController-Info.plist"; sourceTree = "<group>"; };
		468E0FFB1958656A00BA2C56 /* en */ = {isa = PBXFileReference; lastKnownFileType = text.plist.strings; name = en; path = en.lproj/InfoPlist.strings; sourceTree = "<group>"; };
		468E0FFD1958656A00BA2C56 /* main.m */ = {isa = PBXFileReference; lastKnownFileType = sourcecode.c.objc; path = main.m; sourceTree = "<group>"; };
		468E0FFF1958656A00BA2C56 /* MBPlacePickerController-Prefix.pch */ = {isa = PBXFileReference; lastKnownFileType = sourcecode.c.h; path = "MBPlacePickerController-Prefix.pch"; sourceTree = "<group>"; };
		468E10001958656A00BA2C56 /* MBAppDelegate.h */ = {isa = PBXFileReference; lastKnownFileType = sourcecode.c.h; path = MBAppDelegate.h; sourceTree = "<group>"; };
		468E10011958656A00BA2C56 /* MBAppDelegate.m */ = {isa = PBXFileReference; lastKnownFileType = sourcecode.c.objc; path = MBAppDelegate.m; sourceTree = "<group>"; };
		468E10041958656A00BA2C56 /* Base */ = {isa = PBXFileReference; lastKnownFileType = file.storyboard; name = Base; path = Base.lproj/Main.storyboard; sourceTree = "<group>"; };
		468E10091958656A00BA2C56 /* MBViewController.h */ = {isa = PBXFileReference; lastKnownFileType = sourcecode.c.h; path = MBViewController.h; sourceTree = "<group>"; };
		468E100A1958656A00BA2C56 /* MBViewController.m */ = {isa = PBXFileReference; lastKnownFileType = sourcecode.c.objc; path = MBViewController.m; sourceTree = "<group>"; };
		468E100C1958656A00BA2C56 /* Images.xcassets */ = {isa = PBXFileReference; lastKnownFileType = folder.assetcatalog; path = Images.xcassets; sourceTree = "<group>"; };
		468E10121958656A00BA2C56 /* MBPlacePickerControllerTests.xctest */ = {isa = PBXFileReference; explicitFileType = wrapper.cfbundle; includeInIndex = 0; path = MBPlacePickerControllerTests.xctest; sourceTree = BUILT_PRODUCTS_DIR; };
		468E10131958656A00BA2C56 /* XCTest.framework */ = {isa = PBXFileReference; lastKnownFileType = wrapper.framework; name = XCTest.framework; path = Library/Frameworks/XCTest.framework; sourceTree = DEVELOPER_DIR; };
		468E101B1958656A00BA2C56 /* MBPlacePickerControllerTests-Info.plist */ = {isa = PBXFileReference; lastKnownFileType = text.plist.xml; path = "MBPlacePickerControllerTests-Info.plist"; sourceTree = "<group>"; };
		468E101D1958656A00BA2C56 /* en */ = {isa = PBXFileReference; lastKnownFileType = text.plist.strings; name = en; path = en.lproj/InfoPlist.strings; sourceTree = "<group>"; };
		468E101F1958656A00BA2C56 /* MBPlacePickerControllerTests.m */ = {isa = PBXFileReference; lastKnownFileType = sourcecode.c.objc; path = MBPlacePickerControllerTests.m; sourceTree = "<group>"; };
		46D705811968EF4B008113A8 /* MBLocationManager.h */ = {isa = PBXFileReference; fileEncoding = 4; lastKnownFileType = sourcecode.c.h; path = MBLocationManager.h; sourceTree = "<group>"; };
		46D705821968EF4B008113A8 /* MBLocationManager.m */ = {isa = PBXFileReference; fileEncoding = 4; lastKnownFileType = sourcecode.c.objc; path = MBLocationManager.m; sourceTree = "<group>"; };
		46D705841968EF4B008113A8 /* MBPlacePickerController.h */ = {isa = PBXFileReference; fileEncoding = 4; lastKnownFileType = sourcecode.c.h; path = MBPlacePickerController.h; sourceTree = "<group>"; };
		46D705851968EF4B008113A8 /* MBPlacePickerController.m */ = {isa = PBXFileReference; fileEncoding = 4; lastKnownFileType = sourcecode.c.objc; path = MBPlacePickerController.m; sourceTree = "<group>"; };
		46D7058A1968EF4B008113A8 /* equi-map.png */ = {isa = PBXFileReference; lastKnownFileType = image.png; path = "equi-map.png"; sourceTree = "<group>"; };
		46D7058B1968EF4B008113A8 /* equi-map@2x.png */ = {isa = PBXFileReference; lastKnownFileType = image.png; path = "equi-map@2x.png"; sourceTree = "<group>"; };
		46D7058C1968EF4B008113A8 /* locations.json */ = {isa = PBXFileReference; fileEncoding = 4; lastKnownFileType = text.json; path = locations.json; sourceTree = "<group>"; };
		46D705931968F3FD008113A8 /* MBPlacePickerDelegate.h */ = {isa = PBXFileReference; lastKnownFileType = sourcecode.c.h; name = MBPlacePickerDelegate.h; path = "MBPlacePickerController/MBPlacePickerController/Place Picker Delegate/MBPlacePickerDelegate.h"; sourceTree = SOURCE_ROOT; };
		46D705941968FBE4008113A8 /* iTunesArtwork.png */ = {isa = PBXFileReference; lastKnownFileType = image.png; name = iTunesArtwork.png; path = "MBPlacePickerController/Images/App Icon [Rounded]/iTunesArtwork.png"; sourceTree = "<group>"; };
		46D705951968FBE5008113A8 /* iTunesArtwork@2x.png */ = {isa = PBXFileReference; lastKnownFileType = image.png; name = "iTunesArtwork@2x.png"; path = "MBPlacePickerController/Images/App Icon [Rounded]/iTunesArtwork@2x.png"; sourceTree = "<group>"; };
		46D7059A1969030B008113A8 /* CRLCoreLib.h */ = {isa = PBXFileReference; fileEncoding = 4; lastKnownFileType = sourcecode.c.h; path = CRLCoreLib.h; sourceTree = "<group>"; };
		46D7059B1969030B008113A8 /* CRLCoreLib.m */ = {isa = PBXFileReference; fileEncoding = 4; lastKnownFileType = sourcecode.c.objc; path = CRLCoreLib.m; sourceTree = "<group>"; };
		46D7059D1969030B008113A8 /* CRLDataManager.h */ = {isa = PBXFileReference; fileEncoding = 4; lastKnownFileType = sourcecode.c.h; path = CRLDataManager.h; sourceTree = "<group>"; };
		46D7059E1969030B008113A8 /* CRLDataManager.m */ = {isa = PBXFileReference; fileEncoding = 4; lastKnownFileType = sourcecode.c.objc; path = CRLDataManager.m; sourceTree = "<group>"; };
		46D705A01969030B008113A8 /* CRLFileManager.h */ = {isa = PBXFileReference; fileEncoding = 4; lastKnownFileType = sourcecode.c.h; path = CRLFileManager.h; sourceTree = "<group>"; };
		46D705A11969030B008113A8 /* CRLFileManager.m */ = {isa = PBXFileReference; fileEncoding = 4; lastKnownFileType = sourcecode.c.objc; path = CRLFileManager.m; sourceTree = "<group>"; };
		46D705A31969030B008113A8 /* CRLNetworkManager.h */ = {isa = PBXFileReference; fileEncoding = 4; lastKnownFileType = sourcecode.c.h; path = CRLNetworkManager.h; sourceTree = "<group>"; };
		46D705A41969030B008113A8 /* CRLNetworkManager.m */ = {isa = PBXFileReference; fileEncoding = 4; lastKnownFileType = sourcecode.c.objc; path = CRLNetworkManager.m; sourceTree = "<group>"; };
		46D705AA19690FC9008113A8 /* MBMapView.h */ = {isa = PBXFileReference; fileEncoding = 4; lastKnownFileType = sourcecode.c.h; path = MBMapView.h; sourceTree = "<group>"; };
		46D705AB19690FC9008113A8 /* MBMapView.m */ = {isa = PBXFileReference; fileEncoding = 4; lastKnownFileType = sourcecode.c.objc; path = MBMapView.m; sourceTree = "<group>"; };
/* End PBXFileReference section */

/* Begin PBXFrameworksBuildPhase section */
		468E0FEB1958656A00BA2C56 /* Frameworks */ = {
			isa = PBXFrameworksBuildPhase;
			buildActionMask = 2147483647;
			files = (
				468E0FF41958656A00BA2C56 /* CoreGraphics.framework in Frameworks */,
				468E0FF61958656A00BA2C56 /* UIKit.framework in Frameworks */,
				468E0FF21958656A00BA2C56 /* Foundation.framework in Frameworks */,
			);
			runOnlyForDeploymentPostprocessing = 0;
		};
		468E100F1958656A00BA2C56 /* Frameworks */ = {
			isa = PBXFrameworksBuildPhase;
			buildActionMask = 2147483647;
			files = (
				468E10141958656A00BA2C56 /* XCTest.framework in Frameworks */,
				468E10161958656A00BA2C56 /* UIKit.framework in Frameworks */,
				468E10151958656A00BA2C56 /* Foundation.framework in Frameworks */,
			);
			runOnlyForDeploymentPostprocessing = 0;
		};
/* End PBXFrameworksBuildPhase section */

/* Begin PBXGroup section */
		462C280E1995582500F46FC2 /* Map Marker */ = {
			isa = PBXGroup;
			children = (
				462C280F1995582500F46FC2 /* MBMarkerView.h */,
				462C28101995582500F46FC2 /* MBMarkerView.m */,
			);
			path = "Map Marker";
			sourceTree = "<group>";
		};
		468E0FE51958656A00BA2C56 = {
			isa = PBXGroup;
			children = (
				46D705941968FBE4008113A8 /* iTunesArtwork.png */,
				46D705951968FBE5008113A8 /* iTunesArtwork@2x.png */,
				468E0FF71958656A00BA2C56 /* MBPlacePickerController */,
				468E10191958656A00BA2C56 /* MBPlacePickerControllerTests */,
				468E0FF01958656A00BA2C56 /* Frameworks */,
				468E0FEF1958656A00BA2C56 /* Products */,
			);
			sourceTree = "<group>";
		};
		468E0FEF1958656A00BA2C56 /* Products */ = {
			isa = PBXGroup;
			children = (
				468E0FEE1958656A00BA2C56 /* MBPlacePickerController.app */,
				468E10121958656A00BA2C56 /* MBPlacePickerControllerTests.xctest */,
			);
			name = Products;
			sourceTree = "<group>";
		};
		468E0FF01958656A00BA2C56 /* Frameworks */ = {
			isa = PBXGroup;
			children = (
				468E0FF11958656A00BA2C56 /* Foundation.framework */,
				468E0FF31958656A00BA2C56 /* CoreGraphics.framework */,
				468E0FF51958656A00BA2C56 /* UIKit.framework */,
				468E10131958656A00BA2C56 /* XCTest.framework */,
			);
			name = Frameworks;
			sourceTree = "<group>";
		};
		468E0FF71958656A00BA2C56 /* MBPlacePickerController */ = {
			isa = PBXGroup;
			children = (
				468E10001958656A00BA2C56 /* MBAppDelegate.h */,
				468E10011958656A00BA2C56 /* MBAppDelegate.m */,
				468E10031958656A00BA2C56 /* Main.storyboard */,
				468E10091958656A00BA2C56 /* MBViewController.h */,
				468E100A1958656A00BA2C56 /* MBViewController.m */,
				46D7057F1968EF4B008113A8 /* MBPlacePickerController */,
				468E100C1958656A00BA2C56 /* Images.xcassets */,
				468E0FF81958656A00BA2C56 /* Supporting Files */,
			);
			path = MBPlacePickerController;
			sourceTree = "<group>";
		};
		468E0FF81958656A00BA2C56 /* Supporting Files */ = {
			isa = PBXGroup;
			children = (
				468E0FF91958656A00BA2C56 /* MBPlacePickerController-Info.plist */,
				468E0FFA1958656A00BA2C56 /* InfoPlist.strings */,
				468E0FFD1958656A00BA2C56 /* main.m */,
				468E0FFF1958656A00BA2C56 /* MBPlacePickerController-Prefix.pch */,
			);
			name = "Supporting Files";
			sourceTree = "<group>";
		};
		468E10191958656A00BA2C56 /* MBPlacePickerControllerTests */ = {
			isa = PBXGroup;
			children = (
				468E101F1958656A00BA2C56 /* MBPlacePickerControllerTests.m */,
				468E101A1958656A00BA2C56 /* Supporting Files */,
			);
			path = MBPlacePickerControllerTests;
			sourceTree = "<group>";
		};
		468E101A1958656A00BA2C56 /* Supporting Files */ = {
			isa = PBXGroup;
			children = (
				468E101B1958656A00BA2C56 /* MBPlacePickerControllerTests-Info.plist */,
				468E101C1958656A00BA2C56 /* InfoPlist.strings */,
			);
			name = "Supporting Files";
			sourceTree = "<group>";
		};
		46D7057F1968EF4B008113A8 /* MBPlacePickerController */ = {
			isa = PBXGroup;
			children = (
				46D705931968F3FD008113A8 /* MBPlacePickerDelegate.h */,
				462C280E1995582500F46FC2 /* Map Marker */,
				46D705981969030B008113A8 /* CRLCoreLib */,
				46D705801968EF4B008113A8 /* Location Manager */,
				46D705831968EF4B008113A8 /* MBPlacePickerController */,
				46D705A919690FC9008113A8 /* Map View */,
				46D705891968EF4B008113A8 /* Resources */,
			);
			path = MBPlacePickerController;
			sourceTree = "<group>";
		};
		46D705801968EF4B008113A8 /* Location Manager */ = {
			isa = PBXGroup;
			children = (
				46D705811968EF4B008113A8 /* MBLocationManager.h */,
				46D705821968EF4B008113A8 /* MBLocationManager.m */,
			);
			path = "Location Manager";
			sourceTree = "<group>";
		};
		46D705831968EF4B008113A8 /* MBPlacePickerController */ = {
			isa = PBXGroup;
			children = (
				46D705841968EF4B008113A8 /* MBPlacePickerController.h */,
				46D705851968EF4B008113A8 /* MBPlacePickerController.m */,
			);
			name = MBPlacePickerController;
			path = "Place Picker Controller";
			sourceTree = "<group>";
		};
		46D705891968EF4B008113A8 /* Resources */ = {
			isa = PBXGroup;
			children = (
				46D7058A1968EF4B008113A8 /* equi-map.png */,
				46D7058B1968EF4B008113A8 /* equi-map@2x.png */,
				46D7058C1968EF4B008113A8 /* locations.json */,
			);
			path = Resources;
			sourceTree = "<group>";
		};
		46D705981969030B008113A8 /* CRLCoreLib */ = {
			isa = PBXGroup;
			children = (
				46D7059A1969030B008113A8 /* CRLCoreLib.h */,
				46D7059B1969030B008113A8 /* CRLCoreLib.m */,
				46D7059C1969030B008113A8 /* Data Manager */,
				46D7059F1969030B008113A8 /* File Manager */,
				46D705A21969030B008113A8 /* Network Manager */,
			);
			path = CRLCoreLib;
			sourceTree = "<group>";
		};
		46D7059C1969030B008113A8 /* Data Manager */ = {
			isa = PBXGroup;
			children = (
				46D7059D1969030B008113A8 /* CRLDataManager.h */,
				46D7059E1969030B008113A8 /* CRLDataManager.m */,
			);
			path = "Data Manager";
			sourceTree = "<group>";
		};
		46D7059F1969030B008113A8 /* File Manager */ = {
			isa = PBXGroup;
			children = (
				46D705A01969030B008113A8 /* CRLFileManager.h */,
				46D705A11969030B008113A8 /* CRLFileManager.m */,
			);
			path = "File Manager";
			sourceTree = "<group>";
		};
		46D705A21969030B008113A8 /* Network Manager */ = {
			isa = PBXGroup;
			children = (
				46D705A31969030B008113A8 /* CRLNetworkManager.h */,
				46D705A41969030B008113A8 /* CRLNetworkManager.m */,
			);
			path = "Network Manager";
			sourceTree = "<group>";
		};
		46D705A919690FC9008113A8 /* Map View */ = {
			isa = PBXGroup;
			children = (
				46D705AA19690FC9008113A8 /* MBMapView.h */,
				46D705AB19690FC9008113A8 /* MBMapView.m */,
			);
			path = "Map View";
			sourceTree = "<group>";
		};
/* End PBXGroup section */

/* Begin PBXNativeTarget section */
		468E0FED1958656A00BA2C56 /* MBPlacePickerController */ = {
			isa = PBXNativeTarget;
			buildConfigurationList = 468E10231958656A00BA2C56 /* Build configuration list for PBXNativeTarget "MBPlacePickerController" */;
			buildPhases = (
				468E0FEA1958656A00BA2C56 /* Sources */,
				468E0FEB1958656A00BA2C56 /* Frameworks */,
				468E0FEC1958656A00BA2C56 /* Resources */,
			);
			buildRules = (
			);
			dependencies = (
			);
			name = MBPlacePickerController;
			productName = MBPlacePickerController;
			productReference = 468E0FEE1958656A00BA2C56 /* MBPlacePickerController.app */;
			productType = "com.apple.product-type.application";
		};
		468E10111958656A00BA2C56 /* MBPlacePickerControllerTests */ = {
			isa = PBXNativeTarget;
			buildConfigurationList = 468E10261958656A00BA2C56 /* Build configuration list for PBXNativeTarget "MBPlacePickerControllerTests" */;
			buildPhases = (
				468E100E1958656A00BA2C56 /* Sources */,
				468E100F1958656A00BA2C56 /* Frameworks */,
				468E10101958656A00BA2C56 /* Resources */,
			);
			buildRules = (
			);
			dependencies = (
				468E10181958656A00BA2C56 /* PBXTargetDependency */,
			);
			name = MBPlacePickerControllerTests;
			productName = MBPlacePickerControllerTests;
			productReference = 468E10121958656A00BA2C56 /* MBPlacePickerControllerTests.xctest */;
			productType = "com.apple.product-type.bundle.unit-test";
		};
/* End PBXNativeTarget section */

/* Begin PBXProject section */
		468E0FE61958656A00BA2C56 /* Project object */ = {
			isa = PBXProject;
			attributes = {
				CLASSPREFIX = LVC;
				LastUpgradeCheck = 0510;
				ORGANIZATIONNAME = "Corlear Apps";
				TargetAttributes = {
					468E10111958656A00BA2C56 = {
						TestTargetID = 468E0FED1958656A00BA2C56;
					};
				};
			};
			buildConfigurationList = 468E0FE91958656A00BA2C56 /* Build configuration list for PBXProject "MBPlacePickerController" */;
			compatibilityVersion = "Xcode 3.2";
			developmentRegion = English;
			hasScannedForEncodings = 0;
			knownRegions = (
				en,
				Base,
			);
			mainGroup = 468E0FE51958656A00BA2C56;
			productRefGroup = 468E0FEF1958656A00BA2C56 /* Products */;
			projectDirPath = "";
			projectRoot = "";
			targets = (
				468E0FED1958656A00BA2C56 /* MBPlacePickerController */,
				468E10111958656A00BA2C56 /* MBPlacePickerControllerTests */,
			);
		};
/* End PBXProject section */

/* Begin PBXResourcesBuildPhase section */
		468E0FEC1958656A00BA2C56 /* Resources */ = {
			isa = PBXResourcesBuildPhase;
			buildActionMask = 2147483647;
			files = (
				468E100D1958656A00BA2C56 /* Images.xcassets in Resources */,
				468E10051958656A00BA2C56 /* Main.storyboard in Resources */,
				46D705901968EF4B008113A8 /* equi-map.png in Resources */,
				46D705971968FBE5008113A8 /* iTunesArtwork@2x.png in Resources */,
				46D705961968FBE5008113A8 /* iTunesArtwork.png in Resources */,
				46D705911968EF4B008113A8 /* equi-map@2x.png in Resources */,
				46D705921968EF4B008113A8 /* locations.json in Resources */,
				468E0FFC1958656A00BA2C56 /* InfoPlist.strings in Resources */,
			);
			runOnlyForDeploymentPostprocessing = 0;
		};
		468E10101958656A00BA2C56 /* Resources */ = {
			isa = PBXResourcesBuildPhase;
			buildActionMask = 2147483647;
			files = (
				468E101E1958656A00BA2C56 /* InfoPlist.strings in Resources */,
			);
			runOnlyForDeploymentPostprocessing = 0;
		};
/* End PBXResourcesBuildPhase section */

/* Begin PBXSourcesBuildPhase section */
		468E0FEA1958656A00BA2C56 /* Sources */ = {
			isa = PBXSourcesBuildPhase;
			buildActionMask = 2147483647;
			files = (
				468E100B1958656A00BA2C56 /* MBViewController.m in Sources */,
				46D705A61969030B008113A8 /* CRLDataManager.m in Sources */,
				46D7058D1968EF4B008113A8 /* MBLocationManager.m in Sources */,
				46D705A71969030B008113A8 /* CRLFileManager.m in Sources */,
				468E10021958656A00BA2C56 /* MBAppDelegate.m in Sources */,
				462C28111995582500F46FC2 /* MBMarkerView.m in Sources */,
				46D705A51969030B008113A8 /* CRLCoreLib.m in Sources */,
				46D705A81969030B008113A8 /* CRLNetworkManager.m in Sources */,
				46D7058E1968EF4B008113A8 /* MBPlacePickerController.m in Sources */,
				46D705AC19690FC9008113A8 /* MBMapView.m in Sources */,
				468E0FFE1958656A00BA2C56 /* main.m in Sources */,
			);
			runOnlyForDeploymentPostprocessing = 0;
		};
		468E100E1958656A00BA2C56 /* Sources */ = {
			isa = PBXSourcesBuildPhase;
			buildActionMask = 2147483647;
			files = (
				468E10201958656A00BA2C56 /* MBPlacePickerControllerTests.m in Sources */,
			);
			runOnlyForDeploymentPostprocessing = 0;
		};
/* End PBXSourcesBuildPhase section */

/* Begin PBXTargetDependency section */
		468E10181958656A00BA2C56 /* PBXTargetDependency */ = {
			isa = PBXTargetDependency;
			target = 468E0FED1958656A00BA2C56 /* MBPlacePickerController */;
			targetProxy = 468E10171958656A00BA2C56 /* PBXContainerItemProxy */;
		};
/* End PBXTargetDependency section */

/* Begin PBXVariantGroup section */
		468E0FFA1958656A00BA2C56 /* InfoPlist.strings */ = {
			isa = PBXVariantGroup;
			children = (
				468E0FFB1958656A00BA2C56 /* en */,
			);
			name = InfoPlist.strings;
			sourceTree = "<group>";
		};
		468E10031958656A00BA2C56 /* Main.storyboard */ = {
			isa = PBXVariantGroup;
			children = (
				468E10041958656A00BA2C56 /* Base */,
			);
			name = Main.storyboard;
			sourceTree = "<group>";
		};
		468E101C1958656A00BA2C56 /* InfoPlist.strings */ = {
			isa = PBXVariantGroup;
			children = (
				468E101D1958656A00BA2C56 /* en */,
			);
			name = InfoPlist.strings;
			sourceTree = "<group>";
		};
/* End PBXVariantGroup section */

/* Begin XCBuildConfiguration section */
		468E10211958656A00BA2C56 /* Debug */ = {
			isa = XCBuildConfiguration;
			buildSettings = {
				ALWAYS_SEARCH_USER_PATHS = NO;
				CLANG_CXX_LANGUAGE_STANDARD = "gnu++0x";
				CLANG_CXX_LIBRARY = "libc++";
				CLANG_ENABLE_MODULES = YES;
				CLANG_ENABLE_OBJC_ARC = YES;
				CLANG_WARN_BOOL_CONVERSION = YES;
				CLANG_WARN_CONSTANT_CONVERSION = YES;
				CLANG_WARN_DIRECT_OBJC_ISA_USAGE = YES_ERROR;
				CLANG_WARN_EMPTY_BODY = YES;
				CLANG_WARN_ENUM_CONVERSION = YES;
				CLANG_WARN_INT_CONVERSION = YES;
				CLANG_WARN_OBJC_ROOT_CLASS = YES_ERROR;
				CLANG_WARN__DUPLICATE_METHOD_MATCH = YES;
				"CODE_SIGN_IDENTITY[sdk=iphoneos*]" = "iPhone Developer";
				COPY_PHASE_STRIP = NO;
				GCC_C_LANGUAGE_STANDARD = gnu99;
				GCC_DYNAMIC_NO_PIC = NO;
				GCC_OPTIMIZATION_LEVEL = 0;
				GCC_PREPROCESSOR_DEFINITIONS = (
					"DEBUG=1",
					"$(inherited)",
				);
				GCC_SYMBOLS_PRIVATE_EXTERN = NO;
				GCC_WARN_64_TO_32_BIT_CONVERSION = YES;
				GCC_WARN_ABOUT_RETURN_TYPE = YES_ERROR;
				GCC_WARN_UNDECLARED_SELECTOR = YES;
				GCC_WARN_UNINITIALIZED_AUTOS = YES_AGGRESSIVE;
				GCC_WARN_UNUSED_FUNCTION = YES;
				GCC_WARN_UNUSED_VARIABLE = YES;
				IPHONEOS_DEPLOYMENT_TARGET = 7.1;
				ONLY_ACTIVE_ARCH = YES;
				SDKROOT = iphoneos;
				TARGETED_DEVICE_FAMILY = "1,2";
			};
			name = Debug;
		};
		468E10221958656A00BA2C56 /* Release */ = {
			isa = XCBuildConfiguration;
			buildSettings = {
				ALWAYS_SEARCH_USER_PATHS = NO;
				CLANG_CXX_LANGUAGE_STANDARD = "gnu++0x";
				CLANG_CXX_LIBRARY = "libc++";
				CLANG_ENABLE_MODULES = YES;
				CLANG_ENABLE_OBJC_ARC = YES;
				CLANG_WARN_BOOL_CONVERSION = YES;
				CLANG_WARN_CONSTANT_CONVERSION = YES;
				CLANG_WARN_DIRECT_OBJC_ISA_USAGE = YES_ERROR;
				CLANG_WARN_EMPTY_BODY = YES;
				CLANG_WARN_ENUM_CONVERSION = YES;
				CLANG_WARN_INT_CONVERSION = YES;
				CLANG_WARN_OBJC_ROOT_CLASS = YES_ERROR;
				CLANG_WARN__DUPLICATE_METHOD_MATCH = YES;
				"CODE_SIGN_IDENTITY[sdk=iphoneos*]" = "iPhone Developer";
				COPY_PHASE_STRIP = YES;
				ENABLE_NS_ASSERTIONS = NO;
				GCC_C_LANGUAGE_STANDARD = gnu99;
				GCC_WARN_64_TO_32_BIT_CONVERSION = YES;
				GCC_WARN_ABOUT_RETURN_TYPE = YES_ERROR;
				GCC_WARN_UNDECLARED_SELECTOR = YES;
				GCC_WARN_UNINITIALIZED_AUTOS = YES_AGGRESSIVE;
				GCC_WARN_UNUSED_FUNCTION = YES;
				GCC_WARN_UNUSED_VARIABLE = YES;
				IPHONEOS_DEPLOYMENT_TARGET = 7.1;
				SDKROOT = iphoneos;
				TARGETED_DEVICE_FAMILY = "1,2";
				VALIDATE_PRODUCT = YES;
			};
			name = Release;
		};
		468E10241958656A00BA2C56 /* Debug */ = {
			isa = XCBuildConfiguration;
			buildSettings = {
				ASSETCATALOG_COMPILER_APPICON_NAME = AppIcon;
				ASSETCATALOG_COMPILER_LAUNCHIMAGE_NAME = LaunchImage;
				GCC_PRECOMPILE_PREFIX_HEADER = YES;
				GCC_PREFIX_HEADER = "MBPlacePickerController/MBPlacePickerController-Prefix.pch";
				INFOPLIST_FILE = "MBPlacePickerController/MBPlacePickerController-Info.plist";
				LIBRARY_SEARCH_PATHS = (
					"$(inherited)",
					"$(PROJECT_DIR)/MBPlacePickerController/CoreLib",
				);
				PRODUCT_NAME = MBPlacePickerController;
				WRAPPER_EXTENSION = app;
			};
			name = Debug;
		};
		468E10251958656A00BA2C56 /* Release */ = {
			isa = XCBuildConfiguration;
			buildSettings = {
				ASSETCATALOG_COMPILER_APPICON_NAME = AppIcon;
				ASSETCATALOG_COMPILER_LAUNCHIMAGE_NAME = LaunchImage;
				GCC_PRECOMPILE_PREFIX_HEADER = YES;
				GCC_PREFIX_HEADER = "MBPlacePickerController/MBPlacePickerController-Prefix.pch";
				INFOPLIST_FILE = "MBPlacePickerController/MBPlacePickerController-Info.plist";
				LIBRARY_SEARCH_PATHS = (
					"$(inherited)",
					"$(PROJECT_DIR)/MBPlacePickerController/CoreLib",
				);
				PRODUCT_NAME = MBPlacePickerController;
				WRAPPER_EXTENSION = app;
			};
			name = Release;
		};
		468E10271958656A00BA2C56 /* Debug */ = {
			isa = XCBuildConfiguration;
			buildSettings = {
				BUNDLE_LOADER = "$(BUILT_PRODUCTS_DIR)/MBPlacePickerController.app/MBPlacePickerController";
				FRAMEWORK_SEARCH_PATHS = (
					"$(SDKROOT)/Developer/Library/Frameworks",
					"$(inherited)",
					"$(DEVELOPER_FRAMEWORKS_DIR)",
				);
				GCC_PRECOMPILE_PREFIX_HEADER = YES;
				GCC_PREFIX_HEADER = "MBPlacePickerController/MBPlacePickerController-Prefix.pch";
				GCC_PREPROCESSOR_DEFINITIONS = (
					"DEBUG=1",
					"$(inherited)",
				);
				INFOPLIST_FILE = "MBPlacePickerControllerTests/MBPlacePickerControllerTests-Info.plist";
				PRODUCT_NAME = MBPlacePickerControllerTests;
				TEST_HOST = "$(BUNDLE_LOADER)";
				WRAPPER_EXTENSION = xctest;
			};
			name = Debug;
		};
		468E10281958656A00BA2C56 /* Release */ = {
			isa = XCBuildConfiguration;
			buildSettings = {
				BUNDLE_LOADER = "$(BUILT_PRODUCTS_DIR)/MBPlacePickerController.app/MBPlacePickerController";
				FRAMEWORK_SEARCH_PATHS = (
					"$(SDKROOT)/Developer/Library/Frameworks",
					"$(inherited)",
					"$(DEVELOPER_FRAMEWORKS_DIR)",
				);
				GCC_PRECOMPILE_PREFIX_HEADER = YES;
				GCC_PREFIX_HEADER = "MBPlacePickerController/MBPlacePickerController-Prefix.pch";
				INFOPLIST_FILE = "MBPlacePickerControllerTests/MBPlacePickerControllerTests-Info.plist";
				PRODUCT_NAME = MBPlacePickerControllerTests;
				TEST_HOST = "$(BUNDLE_LOADER)";
				WRAPPER_EXTENSION = xctest;
			};
			name = Release;
		};
/* End XCBuildConfiguration section */

/* Begin XCConfigurationList section */
		468E0FE91958656A00BA2C56 /* Build configuration list for PBXProject "MBPlacePickerController" */ = {
			isa = XCConfigurationList;
			buildConfigurations = (
				468E10211958656A00BA2C56 /* Debug */,
				468E10221958656A00BA2C56 /* Release */,
			);
			defaultConfigurationIsVisible = 0;
			defaultConfigurationName = Release;
		};
		468E10231958656A00BA2C56 /* Build configuration list for PBXNativeTarget "MBPlacePickerController" */ = {
			isa = XCConfigurationList;
			buildConfigurations = (
				468E10241958656A00BA2C56 /* Debug */,
				468E10251958656A00BA2C56 /* Release */,
			);
			defaultConfigurationIsVisible = 0;
			defaultConfigurationName = Release;
		};
		468E10261958656A00BA2C56 /* Build configuration list for PBXNativeTarget "MBPlacePickerControllerTests" */ = {
			isa = XCConfigurationList;
			buildConfigurations = (
				468E10271958656A00BA2C56 /* Debug */,
				468E10281958656A00BA2C56 /* Release */,
			);
			defaultConfigurationIsVisible = 0;
			defaultConfigurationName = Release;
		};
/* End XCConfigurationList section */
	};
	rootObject = 468E0FE61958656A00BA2C56 /* Project object */;
}
